
Microsoft Visual Studio Solution File, Format Version 12.00
# Visual Studio Version 17
VisualStudioVersion = 17.9.34701.34
MinimumVisualStudioVersion = 10.0.40219.1
Project("{FAE04EC0-301F-11D3-BF4B-00C04F79EFBC}") = "OctopInk", "OctopInk\OctopInk.csproj", "{9295A796-2F76-471B-AF70-EFAFAD310448}"
EndProject
Global
	GlobalSection(SolutionConfigurationPlatforms) = preSolution
		Debug|Any CPU = Debug|Any CPU
		Release|Any CPU = Release|Any CPU
	EndGlobalSection
	GlobalSection(ProjectConfigurationPlatforms) = postSolution
		{9295A796-2F76-471B-AF70-EFAFAD310448}.Debug|Any CPU.ActiveCfg = Debug|Any CPU
		{9295A796-2F76-471B-AF70-EFAFAD310448}.Debug|Any CPU.Build.0 = Debug|Any CPU
		{9295A796-2F76-471B-AF70-EFAFAD310448}.Release|Any CPU.ActiveCfg = Release|Any CPU
		{9295A796-2F76-471B-AF70-EFAFAD310448}.Release|Any CPU.Build.0 = Release|Any CPU
	EndGlobalSection
	GlobalSection(SolutionProperties) = preSolution
		HideSolutionNode = FALSE
	EndGlobalSection
	GlobalSection(ExtensibilityGlobals) = postSolution
		SolutionGuid = {8DD8965E-22C4-40AB-B50E-44E0F7952F98}
	EndGlobalSection
EndGlobal
